
Microsoft Visual Studio Solution File, Format Version 12.00
# Visual Studio Version 17
VisualStudioVersion = 17.10.35013.160
MinimumVisualStudioVersion = 10.0.40219.1
Project("{FAE04EC0-301F-11D3-BF4B-00C04F79EFBC}") = "Role Copier", "Role Copier\Role Copier.csproj", "{B66A8510-45D1-4B23-AE09-4FDA0F27378E}"
EndProject
Global
	GlobalSection(SolutionConfigurationPlatforms) = preSolution
		Debug|Any CPU = Debug|Any CPU
		Release|Any CPU = Release|Any CPU
	EndGlobalSection
	GlobalSection(ProjectConfigurationPlatforms) = postSolution
		{B66A8510-45D1-4B23-AE09-4FDA0F27378E}.Debug|Any CPU.ActiveCfg = Debug|Any CPU
		{B66A8510-45D1-4B23-AE09-4FDA0F27378E}.Debug|Any CPU.Build.0 = Debug|Any CPU
		{B66A8510-45D1-4B23-AE09-4FDA0F27378E}.Release|Any CPU.ActiveCfg = Release|Any CPU
		{B66A8510-45D1-4B23-AE09-4FDA0F27378E}.Release|Any CPU.Build.0 = Release|Any CPU
	EndGlobalSection
	GlobalSection(SolutionProperties) = preSolution
		HideSolutionNode = FALSE
	EndGlobalSection
	GlobalSection(ExtensibilityGlobals) = postSolution
		SolutionGuid = {5C8B95C7-BDB6-41FC-B2F6-3137E68C93BB}
	EndGlobalSection
EndGlobal
